// !$*UTF8*$!
{
	archiveVersion = 1;
	classes = {
	};
	objectVersion = 46;
	objects = {

/* Begin PBXBuildFile section */
		083F943E1C5FF10C00CD8096 /* SearchViewController.swift in Sources */ = {isa = PBXBuildFile; fileRef = 083F943D1C5FF10C00CD8096 /* SearchViewController.swift */; };
		083F94401C5FFC1200CD8096 /* AcademicLifeViewController.swift in Sources */ = {isa = PBXBuildFile; fileRef = 083F943F1C5FFC1200CD8096 /* AcademicLifeViewController.swift */; };
		083F94421C5FFE4000CD8096 /* GlobalizationViewController.swift in Sources */ = {isa = PBXBuildFile; fileRef = 083F94411C5FFE4000CD8096 /* GlobalizationViewController.swift */; };
		083F94441C60011200CD8096 /* AdministrationViewController.swift in Sources */ = {isa = PBXBuildFile; fileRef = 083F94431C60011200CD8096 /* AdministrationViewController.swift */; };
		08476AD51C5FB15900444593 /* AppDelegate.swift in Sources */ = {isa = PBXBuildFile; fileRef = 08476AD41C5FB15900444593 /* AppDelegate.swift */; };
		08476AD71C5FB15900444593 /* ViewController.swift in Sources */ = {isa = PBXBuildFile; fileRef = 08476AD61C5FB15900444593 /* ViewController.swift */; };
		08476ADA1C5FB15900444593 /* Main.storyboard in Resources */ = {isa = PBXBuildFile; fileRef = 08476AD81C5FB15900444593 /* Main.storyboard */; };
		08476ADC1C5FB15900444593 /* Assets.xcassets in Resources */ = {isa = PBXBuildFile; fileRef = 08476ADB1C5FB15900444593 /* Assets.xcassets */; };
		08476ADF1C5FB15900444593 /* LaunchScreen.storyboard in Resources */ = {isa = PBXBuildFile; fileRef = 08476ADD1C5FB15900444593 /* LaunchScreen.storyboard */; };
		08476AEA1C5FB15900444593 /* SpikeTests.swift in Sources */ = {isa = PBXBuildFile; fileRef = 08476AE91C5FB15900444593 /* SpikeTests.swift */; };
		08476AFB1C5FE19900444593 /* WebViewBController.swift in Sources */ = {isa = PBXBuildFile; fileRef = 08476AFA1C5FE19900444593 /* WebViewBController.swift */; };
		08476AFD1C5FE1ED00444593 /* WebViewAController.swift in Sources */ = {isa = PBXBuildFile; fileRef = 08476AFC1C5FE1ED00444593 /* WebViewAController.swift */; };
/* End PBXBuildFile section */

/* Begin PBXContainerItemProxy section */
		08476AE61C5FB15900444593 /* PBXContainerItemProxy */ = {
			isa = PBXContainerItemProxy;
			containerPortal = 08476AC91C5FB15900444593 /* Project object */;
			proxyType = 1;
			remoteGlobalIDString = 08476AD01C5FB15900444593;
			remoteInfo = Spike;
		};
/* End PBXContainerItemProxy section */

/* Begin PBXFileReference section */
		083F943D1C5FF10C00CD8096 /* SearchViewController.swift */ = {isa = PBXFileReference; fileEncoding = 4; lastKnownFileType = sourcecode.swift; path = SearchViewController.swift; sourceTree = "<group>"; };
		083F943F1C5FFC1200CD8096 /* AcademicLifeViewController.swift */ = {isa = PBXFileReference; fileEncoding = 4; lastKnownFileType = sourcecode.swift; path = AcademicLifeViewController.swift; sourceTree = "<group>"; };
		083F94411C5FFE4000CD8096 /* GlobalizationViewController.swift */ = {isa = PBXFileReference; fileEncoding = 4; lastKnownFileType = sourcecode.swift; path = GlobalizationViewController.swift; sourceTree = "<group>"; };
		083F94431C60011200CD8096 /* AdministrationViewController.swift */ = {isa = PBXFileReference; fileEncoding = 4; lastKnownFileType = sourcecode.swift; path = AdministrationViewController.swift; sourceTree = "<group>"; };
		08476AD11C5FB15900444593 /* Spike.app */ = {isa = PBXFileReference; explicitFileType = wrapper.application; includeInIndex = 0; path = Spike.app; sourceTree = BUILT_PRODUCTS_DIR; };
		08476AD41C5FB15900444593 /* AppDelegate.swift */ = {isa = PBXFileReference; lastKnownFileType = sourcecode.swift; path = AppDelegate.swift; sourceTree = "<group>"; };
		08476AD61C5FB15900444593 /* ViewController.swift */ = {isa = PBXFileReference; lastKnownFileType = sourcecode.swift; path = ViewController.swift; sourceTree = "<group>"; };
		08476AD91C5FB15900444593 /* Base */ = {isa = PBXFileReference; lastKnownFileType = file.storyboard; name = Base; path = Base.lproj/Main.storyboard; sourceTree = "<group>"; };
		08476ADB1C5FB15900444593 /* Assets.xcassets */ = {isa = PBXFileReference; lastKnownFileType = folder.assetcatalog; path = Assets.xcassets; sourceTree = "<group>"; };
		08476ADE1C5FB15900444593 /* Base */ = {isa = PBXFileReference; lastKnownFileType = file.storyboard; name = Base; path = Base.lproj/LaunchScreen.storyboard; sourceTree = "<group>"; };
		08476AE01C5FB15900444593 /* Info.plist */ = {isa = PBXFileReference; lastKnownFileType = text.plist.xml; path = Info.plist; sourceTree = "<group>"; };
		08476AE51C5FB15900444593 /* SpikeTests.xctest */ = {isa = PBXFileReference; explicitFileType = wrapper.cfbundle; includeInIndex = 0; path = SpikeTests.xctest; sourceTree = BUILT_PRODUCTS_DIR; };
		08476AE91C5FB15900444593 /* SpikeTests.swift */ = {isa = PBXFileReference; lastKnownFileType = sourcecode.swift; path = SpikeTests.swift; sourceTree = "<group>"; };
		08476AEB1C5FB15900444593 /* Info.plist */ = {isa = PBXFileReference; lastKnownFileType = text.plist.xml; path = Info.plist; sourceTree = "<group>"; };
		08476AFA1C5FE19900444593 /* WebViewBController.swift */ = {isa = PBXFileReference; fileEncoding = 4; lastKnownFileType = sourcecode.swift; path = WebViewBController.swift; sourceTree = "<group>"; };
		08476AFC1C5FE1ED00444593 /* WebViewAController.swift */ = {isa = PBXFileReference; fileEncoding = 4; lastKnownFileType = sourcecode.swift; path = WebViewAController.swift; sourceTree = "<group>"; };
/* End PBXFileReference section */

/* Begin PBXFrameworksBuildPhase section */
		08476ACE1C5FB15900444593 /* Frameworks */ = {
			isa = PBXFrameworksBuildPhase;
			buildActionMask = 2147483647;
			files = (
			);
			runOnlyForDeploymentPostprocessing = 0;
		};
		08476AE21C5FB15900444593 /* Frameworks */ = {
			isa = PBXFrameworksBuildPhase;
			buildActionMask = 2147483647;
			files = (
			);
			runOnlyForDeploymentPostprocessing = 0;
		};
/* End PBXFrameworksBuildPhase section */

/* Begin PBXGroup section */
		08476AC81C5FB15900444593 = {
			isa = PBXGroup;
			children = (
				08476AD31C5FB15900444593 /* Spike */,
				08476AE81C5FB15900444593 /* SpikeTests */,
				08476AD21C5FB15900444593 /* Products */,
			);
			sourceTree = "<group>";
		};
		08476AD21C5FB15900444593 /* Products */ = {
			isa = PBXGroup;
			children = (
				08476AD11C5FB15900444593 /* Spike.app */,
				08476AE51C5FB15900444593 /* SpikeTests.xctest */,
			);
			name = Products;
			sourceTree = "<group>";
		};
		08476AD31C5FB15900444593 /* Spike */ = {
			isa = PBXGroup;
			children = (
				08476AD41C5FB15900444593 /* AppDelegate.swift */,
				08476AD61C5FB15900444593 /* ViewController.swift */,
				083F943F1C5FFC1200CD8096 /* AcademicLifeViewController.swift */,
				083F94411C5FFE4000CD8096 /* GlobalizationViewController.swift */,
				083F94431C60011200CD8096 /* AdministrationViewController.swift */,
				083F943D1C5FF10C00CD8096 /* SearchViewController.swift */,
				08476AFC1C5FE1ED00444593 /* WebViewAController.swift */,
				08476AFA1C5FE19900444593 /* WebViewBController.swift */,
				08476AD81C5FB15900444593 /* Main.storyboard */,
				08476ADB1C5FB15900444593 /* Assets.xcassets */,
				08476ADD1C5FB15900444593 /* LaunchScreen.storyboard */,
				08476AE01C5FB15900444593 /* Info.plist */,
			);
			path = Spike;
			sourceTree = "<group>";
		};
		08476AE81C5FB15900444593 /* SpikeTests */ = {
			isa = PBXGroup;
			children = (
				08476AE91C5FB15900444593 /* SpikeTests.swift */,
				08476AEB1C5FB15900444593 /* Info.plist */,
			);
			path = SpikeTests;
			sourceTree = "<group>";
		};
/* End PBXGroup section */

/* Begin PBXNativeTarget section */
		08476AD01C5FB15900444593 /* Spike */ = {
			isa = PBXNativeTarget;
			buildConfigurationList = 08476AEE1C5FB15900444593 /* Build configuration list for PBXNativeTarget "Spike" */;
			buildPhases = (
				08476ACD1C5FB15900444593 /* Sources */,
				08476ACE1C5FB15900444593 /* Frameworks */,
				08476ACF1C5FB15900444593 /* Resources */,
			);
			buildRules = (
			);
			dependencies = (
			);
			name = Spike;
			productName = Spike;
			productReference = 08476AD11C5FB15900444593 /* Spike.app */;
			productType = "com.apple.product-type.application";
		};
		08476AE41C5FB15900444593 /* SpikeTests */ = {
			isa = PBXNativeTarget;
			buildConfigurationList = 08476AF11C5FB15900444593 /* Build configuration list for PBXNativeTarget "SpikeTests" */;
			buildPhases = (
				08476AE11C5FB15900444593 /* Sources */,
				08476AE21C5FB15900444593 /* Frameworks */,
				08476AE31C5FB15900444593 /* Resources */,
			);
			buildRules = (
			);
			dependencies = (
				08476AE71C5FB15900444593 /* PBXTargetDependency */,
			);
			name = SpikeTests;
			productName = SpikeTests;
			productReference = 08476AE51C5FB15900444593 /* SpikeTests.xctest */;
			productType = "com.apple.product-type.bundle.unit-test";
		};
/* End PBXNativeTarget section */

/* Begin PBXProject section */
		08476AC91C5FB15900444593 /* Project object */ = {
			isa = PBXProject;
			attributes = {
				LastSwiftUpdateCheck = 0710;
				LastUpgradeCheck = 0710;
				ORGANIZATIONNAME = santex;
				TargetAttributes = {
					08476AD01C5FB15900444593 = {
						CreatedOnToolsVersion = 7.1;
					};
					08476AE41C5FB15900444593 = {
						CreatedOnToolsVersion = 7.1;
						TestTargetID = 08476AD01C5FB15900444593;
					};
				};
			};
			buildConfigurationList = 08476ACC1C5FB15900444593 /* Build configuration list for PBXProject "Spike" */;
			compatibilityVersion = "Xcode 3.2";
			developmentRegion = English;
			hasScannedForEncodings = 0;
			knownRegions = (
				en,
				Base,
			);
			mainGroup = 08476AC81C5FB15900444593;
			productRefGroup = 08476AD21C5FB15900444593 /* Products */;
			projectDirPath = "";
			projectRoot = "";
			targets = (
				08476AD01C5FB15900444593 /* Spike */,
				08476AE41C5FB15900444593 /* SpikeTests */,
			);
		};
/* End PBXProject section */

/* Begin PBXResourcesBuildPhase section */
		08476ACF1C5FB15900444593 /* Resources */ = {
			isa = PBXResourcesBuildPhase;
			buildActionMask = 2147483647;
			files = (
				08476ADF1C5FB15900444593 /* LaunchScreen.storyboard in Resources */,
				08476ADC1C5FB15900444593 /* Assets.xcassets in Resources */,
				08476ADA1C5FB15900444593 /* Main.storyboard in Resources */,
			);
			runOnlyForDeploymentPostprocessing = 0;
		};
		08476AE31C5FB15900444593 /* Resources */ = {
			isa = PBXResourcesBuildPhase;
			buildActionMask = 2147483647;
			files = (
			);
			runOnlyForDeploymentPostprocessing = 0;
		};
/* End PBXResourcesBuildPhase section */

/* Begin PBXSourcesBuildPhase section */
		08476ACD1C5FB15900444593 /* Sources */ = {
			isa = PBXSourcesBuildPhase;
			buildActionMask = 2147483647;
			files = (
				083F943E1C5FF10C00CD8096 /* SearchViewController.swift in Sources */,
				08476AD71C5FB15900444593 /* ViewController.swift in Sources */,
				083F94441C60011200CD8096 /* AdministrationViewController.swift in Sources */,
				083F94421C5FFE4000CD8096 /* GlobalizationViewController.swift in Sources */,
				083F94401C5FFC1200CD8096 /* AcademicLifeViewController.swift in Sources */,
				08476AFB1C5FE19900444593 /* WebViewBController.swift in Sources */,
				08476AD51C5FB15900444593 /* AppDelegate.swift in Sources */,
				08476AFD1C5FE1ED00444593 /* WebViewAController.swift in Sources */,
			);
			runOnlyForDeploymentPostprocessing = 0;
		};
		08476AE11C5FB15900444593 /* Sources */ = {
			isa = PBXSourcesBuildPhase;
			buildActionMask = 2147483647;
			files = (
				08476AEA1C5FB15900444593 /* SpikeTests.swift in Sources */,
			);
			runOnlyForDeploymentPostprocessing = 0;
		};
/* End PBXSourcesBuildPhase section */

/* Begin PBXTargetDependency section */
		08476AE71C5FB15900444593 /* PBXTargetDependency */ = {
			isa = PBXTargetDependency;
			target = 08476AD01C5FB15900444593 /* Spike */;
			targetProxy = 08476AE61C5FB15900444593 /* PBXContainerItemProxy */;
		};
/* End PBXTargetDependency section */

/* Begin PBXVariantGroup section */
		08476AD81C5FB15900444593 /* Main.storyboard */ = {
			isa = PBXVariantGroup;
			children = (
				08476AD91C5FB15900444593 /* Base */,
			);
			name = Main.storyboard;
			sourceTree = "<group>";
		};
		08476ADD1C5FB15900444593 /* LaunchScreen.storyboard */ = {
			isa = PBXVariantGroup;
			children = (
				08476ADE1C5FB15900444593 /* Base */,
			);
			name = LaunchScreen.storyboard;
			sourceTree = "<group>";
		};
/* End PBXVariantGroup section */

/* Begin XCBuildConfiguration section */
		08476AEC1C5FB15900444593 /* Debug */ = {
			isa = XCBuildConfiguration;
			buildSettings = {
				ALWAYS_SEARCH_USER_PATHS = NO;
				CLANG_CXX_LANGUAGE_STANDARD = "gnu++0x";
				CLANG_CXX_LIBRARY = "libc++";
				CLANG_ENABLE_MODULES = YES;
				CLANG_ENABLE_OBJC_ARC = YES;
				CLANG_WARN_BOOL_CONVERSION = YES;
				CLANG_WARN_CONSTANT_CONVERSION = YES;
				CLANG_WARN_DIRECT_OBJC_ISA_USAGE = YES_ERROR;
				CLANG_WARN_EMPTY_BODY = YES;
				CLANG_WARN_ENUM_CONVERSION = YES;
				CLANG_WARN_INT_CONVERSION = YES;
				CLANG_WARN_OBJC_ROOT_CLASS = YES_ERROR;
				CLANG_WARN_UNREACHABLE_CODE = YES;
				CLANG_WARN__DUPLICATE_METHOD_MATCH = YES;
				"CODE_SIGN_IDENTITY[sdk=iphoneos*]" = "iPhone Developer";
				COPY_PHASE_STRIP = NO;
				DEBUG_INFORMATION_FORMAT = dwarf;
				ENABLE_STRICT_OBJC_MSGSEND = YES;
				ENABLE_TESTABILITY = YES;
				GCC_C_LANGUAGE_STANDARD = gnu99;
				GCC_DYNAMIC_NO_PIC = NO;
				GCC_NO_COMMON_BLOCKS = YES;
				GCC_OPTIMIZATION_LEVEL = 0;
				GCC_PREPROCESSOR_DEFINITIONS = (
					"DEBUG=1",
					"$(inherited)",
				);
				GCC_WARN_64_TO_32_BIT_CONVERSION = YES;
				GCC_WARN_ABOUT_RETURN_TYPE = YES_ERROR;
				GCC_WARN_UNDECLARED_SELECTOR = YES;
				GCC_WARN_UNINITIALIZED_AUTOS = YES_AGGRESSIVE;
				GCC_WARN_UNUSED_FUNCTION = YES;
				GCC_WARN_UNUSED_VARIABLE = YES;
				IPHONEOS_DEPLOYMENT_TARGET = 9.1;
				MTL_ENABLE_DEBUG_INFO = YES;
				ONLY_ACTIVE_ARCH = YES;
				SDKROOT = iphoneos;
				SWIFT_OPTIMIZATION_LEVEL = "-Onone";
				TARGETED_DEVICE_FAMILY = "1,2";
			};
			name = Debug;
		};
		08476AED1C5FB15900444593 /* Release */ = {
			isa = XCBuildConfiguration;
			buildSettings = {
				ALWAYS_SEARCH_USER_PATHS = NO;
				CLANG_CXX_LANGUAGE_STANDARD = "gnu++0x";
				CLANG_CXX_LIBRARY = "libc++";
				CLANG_ENABLE_MODULES = YES;
				CLANG_ENABLE_OBJC_ARC = YES;
				CLANG_WARN_BOOL_CONVERSION = YES;
				CLANG_WARN_CONSTANT_CONVERSION = YES;
				CLANG_WARN_DIRECT_OBJC_ISA_USAGE = YES_ERROR;
				CLANG_WARN_EMPTY_BODY = YES;
				CLANG_WARN_ENUM_CONVERSION = YES;
				CLANG_WARN_INT_CONVERSION = YES;
				CLANG_WARN_OBJC_ROOT_CLASS = YES_ERROR;
				CLANG_WARN_UNREACHABLE_CODE = YES;
				CLANG_WARN__DUPLICATE_METHOD_MATCH = YES;
				"CODE_SIGN_IDENTITY[sdk=iphoneos*]" = "iPhone Developer";
				COPY_PHASE_STRIP = NO;
				DEBUG_INFORMATION_FORMAT = "dwarf-with-dsym";
				ENABLE_NS_ASSERTIONS = NO;
				ENABLE_STRICT_OBJC_MSGSEND = YES;
				GCC_C_LANGUAGE_STANDARD = gnu99;
				GCC_NO_COMMON_BLOCKS = YES;
				GCC_WARN_64_TO_32_BIT_CONVERSION = YES;
				GCC_WARN_ABOUT_RETURN_TYPE = YES_ERROR;
				GCC_WARN_UNDECLARED_SELECTOR = YES;
				GCC_WARN_UNINITIALIZED_AUTOS = YES_AGGRESSIVE;
				GCC_WARN_UNUSED_FUNCTION = YES;
				GCC_WARN_UNUSED_VARIABLE = YES;
				IPHONEOS_DEPLOYMENT_TARGET = 9.1;
				MTL_ENABLE_DEBUG_INFO = NO;
				SDKROOT = iphoneos;
				TARGETED_DEVICE_FAMILY = "1,2";
				VALIDATE_PRODUCT = YES;
			};
			name = Release;
		};
		08476AEF1C5FB15900444593 /* Debug */ = {
			isa = XCBuildConfiguration;
			buildSettings = {
				ASSETCATALOG_COMPILER_APPICON_NAME = AppIcon;
				INFOPLIST_FILE = Spike/Info.plist;
				LD_RUNPATH_SEARCH_PATHS = "$(inherited) @executable_path/Frameworks";
				PRODUCT_BUNDLE_IDENTIFIER = com.santex.Spike;
				PRODUCT_NAME = "$(TARGET_NAME)";
			};
			name = Debug;
		};
		08476AF01C5FB15900444593 /* Release */ = {
			isa = XCBuildConfiguration;
			buildSettings = {
				ASSETCATALOG_COMPILER_APPICON_NAME = AppIcon;
				INFOPLIST_FILE = Spike/Info.plist;
				LD_RUNPATH_SEARCH_PATHS = "$(inherited) @executable_path/Frameworks";
				PRODUCT_BUNDLE_IDENTIFIER = com.santex.Spike;
				PRODUCT_NAME = "$(TARGET_NAME)";
			};
			name = Release;
		};
		08476AF21C5FB15900444593 /* Debug */ = {
			isa = XCBuildConfiguration;
			buildSettings = {
				BUNDLE_LOADER = "$(TEST_HOST)";
				INFOPLIST_FILE = SpikeTests/Info.plist;
				LD_RUNPATH_SEARCH_PATHS = "$(inherited) @executable_path/Frameworks @loader_path/Frameworks";
				PRODUCT_BUNDLE_IDENTIFIER = com.santex.SpikeTests;
				PRODUCT_NAME = "$(TARGET_NAME)";
				TEST_HOST = "$(BUILT_PRODUCTS_DIR)/Spike.app/Spike";
			};
			name = Debug;
		};
		08476AF31C5FB15900444593 /* Release */ = {
			isa = XCBuildConfiguration;
			buildSettings = {
				BUNDLE_LOADER = "$(TEST_HOST)";
				INFOPLIST_FILE = SpikeTests/Info.plist;
				LD_RUNPATH_SEARCH_PATHS = "$(inherited) @executable_path/Frameworks @loader_path/Frameworks";
				PRODUCT_BUNDLE_IDENTIFIER = com.santex.SpikeTests;
				PRODUCT_NAME = "$(TARGET_NAME)";
				TEST_HOST = "$(BUILT_PRODUCTS_DIR)/Spike.app/Spike";
			};
			name = Release;
		};
/* End XCBuildConfiguration section */

/* Begin XCConfigurationList section */
		08476ACC1C5FB15900444593 /* Build configuration list for PBXProject "Spike" */ = {
			isa = XCConfigurationList;
			buildConfigurations = (
				08476AEC1C5FB15900444593 /* Debug */,
				08476AED1C5FB15900444593 /* Release */,
			);
			defaultConfigurationIsVisible = 0;
			defaultConfigurationName = Release;
		};
		08476AEE1C5FB15900444593 /* Build configuration list for PBXNativeTarget "Spike" */ = {
			isa = XCConfigurationList;
			buildConfigurations = (
				08476AEF1C5FB15900444593 /* Debug */,
				08476AF01C5FB15900444593 /* Release */,
			);
			defaultConfigurationIsVisible = 0;
			defaultConfigurationName = Release;
		};
		08476AF11C5FB15900444593 /* Build configuration list for PBXNativeTarget "SpikeTests" */ = {
			isa = XCConfigurationList;
			buildConfigurations = (
				08476AF21C5FB15900444593 /* Debug */,
				08476AF31C5FB15900444593 /* Release */,
			);
			defaultConfigurationIsVisible = 0;
			defaultConfigurationName = Release;
		};
/* End XCConfigurationList section */
	};
	rootObject = 08476AC91C5FB15900444593 /* Project object */;
}
